{
  "nodes": {
    "anthropic-skills": {
      "flake": false,
      "locked": {
        "lastModified": 1791208002,
        "narHash": "sha256-APw+xMKqRvkLnuQxttiyyIeylrIMSxZovQnw3xEl1C4=",
        "owner": "anthropics",
        "repo": "skills",
        "rev": "683bc88e56f3e09ba94f7055977f3d3aa499f202",
        "type": "github"
      },
      "original": {
        "owner": "anthropics",
        "repo": "skills",
        "type": "github"
      }
    },
    "anti-slop": {
      "flake": false,
      "locked": {
        "lastModified": 1789048404,
        "narHash": "sha256-LfkM/9AZBaZV67MsqrVgiKSPJk8AjrErFdzIBApz69E=",
        "owner": "dmmulroy",
        "repo": "anti-slop",
        "rev": "c44ef22ca116d0ba62a3ff663a0bd13a3f3fa40b",
        "type": "github"
      },
      "original": {
        "owner": "dmmulroy",
        "repo": "anti-slop",
        "type": "github"
      }
    },
    "apollo-skills": {
      "flake": false,
      "locked": {
        "lastModified": 1791394365,
        "narHash": "sha256-A1t8iX5DcBhFcMLD/a0V1mfSMNs+GOEwrJOvA/GAWxs=",
        "owner": "apollographql",
        "repo": "skills",
        "rev": "5f02fcfcebec678e2e55777b639e32346622a963",
        "type": "github"
      },
      "original": {
        "owner": "apollographql",
        "repo": "skills",
        "type": "github"
      }
    },
    "better-auth-skills": {
      "flake": false,
      "locked": {
        "lastModified": 1788222151,
        "narHash": "sha256-XOl+MXCLOs8EAP9nteIbOthsFrxcBuWG2MRpUr3PexM=",
        "owner": "better-auth",
        "repo": "skills",
        "rev": "20c9e88a5c007461a703f1c213572b073196113e",
        "type": "github"
      },
      "original": {
        "owner": "better-auth",
        "repo": "skills",
        "type": "github"
      }
    },
    "bun2nix": {
      "inputs": {
        "flake-parts": "flake-parts_2",
        "import-tree": "import-tree",
        "nixpkgs": [
          "handy",
          "nixpkgs"
        ],
        "systems": "systems_2",
        "treefmt-nix": "treefmt-nix"
      },
      "locked": {
        "lastModified": 1770895533,
        "narHash": "sha256-v3QaK9ugy9bN9RXDnjw0i2OifKmz2NnKM82agtqm/UY=",
        "owner": "nix-community",
        "repo": "bun2nix",
        "rev": "c843f477b15f51151f8c6bcc886954699440a6e1",
        "type": "github"
      },
      "original": {
        "owner": "nix-community",
        "ref": "2.0.8",
        "repo": "bun2nix",
        "type": "github"
      }
    },
    "bun2nix_2": {
      "inputs": {
        "flake-parts": "flake-parts_4",
        "import-tree": "import-tree_2",
        "nixpkgs": [
          "hunk",
          "nixpkgs"
        ],
        "systems": [
          "hunk",
          "systems"
        ],
        "treefmt-nix": "treefmt-nix_2"
      },
      "locked": {
        "lastModified": 1770895533,
        "narHash": "sha256-v3QaK9ugy9bN9RXDnjw0i2OifKmz2NnKM82agtqm/UY=",
        "owner": "nix-community",
        "repo": "bun2nix",
        "rev": "c843f477b15f51151f8c6bcc886954699440a6e1",
        "type": "github"
      },
      "original": {
        "owner": "nix-community",
        "repo": "bun2nix",
        "type": "github"
      }
    },
    "claude-skill-typst": {
      "flake": false,
      "locked": {
        "lastModified": 1791214770,
        "narHash": "sha256-HovQ8PdgMS5EvtSgjv99HztyHdZS5d5IdqgSNymIqvU=",
        "owner": "lucifer1004",
        "repo": "claude-skill-typst",
        "rev": "3d4fbe9281a2ef5ac7d6878909b4e02e5bbdc5d2",
        "type": "github"
      },
      "original": {
        "owner": "lucifer1004",
        "repo": "claude-skill-typst",
        "type": "github"
      }
    },
    "cloudflare-skills": {
      "flake": false,
      "locked": {
        "lastModified": 1790864655,
        "narHash": "sha256-U0pebg1Uu/L5gYy6aZXte5FZT0R3OPHxU34J+HOTBFk=",
        "owner": "cloudflare",
        "repo": "skills",
        "rev": "41e0d19858946d18af9ee2c2feebbe2e11d829ff",
        "type": "github"
      },
      "original": {
        "owner": "cloudflare",
        "repo": "skills",
        "type": "github"
      }
    },
    "codex-desktop-linux": {
      "inputs": {
        "flake-utils": "flake-utils",
        "nixpkgs": "nixpkgs"
      },
      "locked": {
        "lastModified": 1791463139,
        "narHash": "sha256-i8nMpTIAGnDmEKlDp4Y+li+PVAeIzl570u6wCoS5jIA=",
        "owner": "ilysenko",
        "repo": "codex-desktop-linux",
        "rev": "50a8df26b6d2fac608024082c1c57aa3fe84d071",
        "type": "github"
      },
      "original": {
        "owner": "ilysenko",
        "repo": "codex-desktop-linux",
        "type": "github"
      }
    },
    "crane": {
      "locked": {
        "lastModified": 1790899423,
        "narHash": "sha256-THGtz65UGJU+sonZidRboyCMk+9DclpMF7pwL4uDV4M=",
        "owner": "ipetkov",
        "repo": "crane",
        "rev": "47b6b27ed9a3a9181415e4367d0c30ab2a0e0250",
        "type": "github"
      },
      "original": {
        "owner": "ipetkov",
        "repo": "crane",
        "type": "github"
      }
    },
    "cursor-plugins": {
      "flake": false,
      "locked": {
        "lastModified": 1791420314,
        "narHash": "sha256-2znGxDWUZ8lO6g2gC/l0iRmRKjEnVZrk4TkEX9JAIjY=",
        "owner": "cursor",
        "repo": "plugins",
        "rev": "ccb5507cec1546dc88135c1139c811e6c59115ba",
        "type": "github"
      },
      "original": {
        "owner": "cursor",
        "repo": "plugins",
        "type": "github"
      }
    },
    "diagram-design": {
      "flake": false,
      "locked": {
        "lastModified": 1791423278,
        "narHash": "sha256-L+2YqVybYQ892nLkaHSRKI4pjFcb506jhDz4U8ju6P8=",
        "owner": "cathrynlavery",
        "repo": "diagram-design",
        "rev": "f4547ee95f88e5b28a52517feff6b6c11cc657f9",
        "type": "github"
      },
      "original": {
        "owner": "cathrynlavery",
        "repo": "diagram-design",
        "type": "github"
      }
    },
    "dmmulroy-coding-standards": {
      "flake": false,
      "locked": {
        "lastModified": 1781822372,
        "narHash": "sha256-kkhRplWbQnfz0xpMo2wq45+nv+6PbrL4wuzPCeIalU4=",
        "ref": "refs/heads/main",
        "rev": "db1b93212222dc5b1a723e48aedb2ed1835b1ed7",
        "revCount": 1,
        "type": "git",
        "url": "https://gist.github.com/dmmulroy/9c80f1f499b031aa0b6525b5d9ae25f0.git"
      },
      "original": {
        "type": "git",
        "url": "https://gist.github.com/dmmulroy/9c80f1f499b031aa0b6525b5d9ae25f0.git"
      }
    },
    "emil-skills": {
      "flake": false,
      "locked": {
        "lastModified": 1790937811,
        "narHash": "sha256-FG1zm/Vr00QAvpSA6uuVbPJrOjFj2W+F1SAChlJOGMk=",
        "owner": "emilkowalski",
        "repo": "skills",
        "rev": "e8a175de22ae1e49370fc144c1f3bb9aeedf988d",
        "type": "github"
      },
      "original": {
        "owner": "emilkowalski",
        "repo": "skills",
        "type": "github"
      }
    },
    "flake-compat": {
      "flake": false,
      "locked": {
        "lastModified": 1767039857,
        "narHash": "sha256-vNpUSpF5Nuw8xvDLj2KCwwksIbjua2LZCqhV1LNRDns=",
        "owner": "NixOS",
        "repo": "flake-compat",
        "rev": "5edf11c44bc78a0d334f6334cdaf7d60d732daab",
        "type": "github"
      },
      "original": {
        "owner": "NixOS",
        "repo": "flake-compat",
        "type": "github"
      }
    },
    "flake-compat_2": {
      "flake": false,
      "locked": {
        "lastModified": 1767039857,
        "narHash": "sha256-vNpUSpF5Nuw8xvDLj2KCwwksIbjua2LZCqhV1LNRDns=",
        "owner": "edolstra",
        "repo": "flake-compat",
        "rev": "5edf11c44bc78a0d334f6334cdaf7d60d732daab",
        "type": "github"
      },
      "original": {
        "owner": "edolstra",
        "repo": "flake-compat",
        "type": "github"
      }
    },
    "flake-compat_3": {
      "flake": false,
      "locked": {
        "lastModified": 1777699697,
        "narHash": "sha256-Eg9b/rq/ECYwNwEXs5i9wHyhxNI0JrYx2srdI2uZMaQ=",
        "ref": "refs/heads/main",
        "rev": "382052b74656a369c5408822af3f2501e9b1af81",
        "revCount": 94,
        "type": "git",
        "url": "https://git.lix.systems/lix-project/flake-compat.git"
      },
      "original": {
        "type": "git",
        "url": "https://git.lix.systems/lix-project/flake-compat.git"
      }
    },
    "flake-parts": {
      "inputs": {
        "nixpkgs-lib": "nixpkgs-lib"
      },
      "locked": {
        "lastModified": 1790898470,
        "narHash": "sha256-zTwuwezD0w3hpga6a6P8emidzAZFyWqlNeRBlpWOOl8=",
        "owner": "hercules-ci",
        "repo": "flake-parts",
        "rev": "024633cd702b10285db5cb19b40ad48d2399ba60",
        "type": "github"
      },
      "original": {
        "owner": "hercules-ci",
        "repo": "flake-parts",
        "type": "github"
      }
    },
    "flake-parts_2": {
      "inputs": {
        "nixpkgs-lib": "nixpkgs-lib_2"
      },
      "locked": {
        "lastModified": 1769996383,
        "narHash": "sha256-AnYjnFWgS49RlqX7LrC4uA+sCCDBj0Ry/WOJ5XWAsa0=",
        "owner": "hercules-ci",
        "repo": "flake-parts",
        "rev": "57928607ea566b5db3ad13af0e57e921e6b12381",
        "type": "github"
      },
      "original": {
        "owner": "hercules-ci",
        "repo": "flake-parts",
        "type": "github"
      }
    },
    "flake-parts_3": {
      "inputs": {
        "nixpkgs-lib": [
          "hermes-agent",
          "nixpkgs"
        ]
      },
      "locked": {
        "lastModified": 1782949081,
        "narHash": "sha256-vp6Y/Grm98ESt6ceOkWiHWyZRDV3J1RID4w+6NWK9yA=",
        "owner": "hercules-ci",
        "repo": "flake-parts",
        "rev": "17c9d6cdfc60c64f4ee8d306f9bc0b4ccb51481e",
        "type": "github"
      },
      "original": {
        "owner": "hercules-ci",
        "repo": "flake-parts",
        "type": "github"
      }
    },
    "flake-parts_4": {
      "inputs": {
        "nixpkgs-lib": "nixpkgs-lib_3"
      },
      "locked": {
        "lastModified": 1769996383,
        "narHash": "sha256-AnYjnFWgS49RlqX7LrC4uA+sCCDBj0Ry/WOJ5XWAsa0=",
        "owner": "hercules-ci",
        "repo": "flake-parts",
        "rev": "57928607ea566b5db3ad13af0e57e921e6b12381",
        "type": "github"
      },
      "original": {
        "owner": "hercules-ci",
        "repo": "flake-parts",
        "type": "github"
      }
    },
    "flake-utils": {
      "inputs": {
        "systems": "systems"
      },
      "locked": {
        "lastModified": 1731533236,
        "narHash": "sha256-l0KFg5HjrsfsO/JpG+r7fRrqm12kzFHyUHqHCVpMMbI=",
        "owner": "numtide",
        "repo": "flake-utils",
        "rev": "11707dc2f618dd54ca8739b309ec4fc024de578b",
        "type": "github"
      },
      "original": {
        "owner": "numtide",
        "repo": "flake-utils",
        "type": "github"
      }
    },
    "flake-utils_2": {
      "inputs": {
        "systems": "systems_5"
      },
      "locked": {
        "lastModified": 1731533236,
        "narHash": "sha256-l0KFg5HjrsfsO/JpG+r7fRrqm12kzFHyUHqHCVpMMbI=",
        "owner": "numtide",
        "repo": "flake-utils",
        "rev": "11707dc2f618dd54ca8739b309ec4fc024de578b",
        "type": "github"
      },
      "original": {
        "owner": "numtide",
        "repo": "flake-utils",
        "type": "github"
      }
    },
    "flake-utils_3": {
      "inputs": {
        "systems": "systems_6"
      },
      "locked": {
        "lastModified": 1731533236,
        "narHash": "sha256-l0KFg5HjrsfsO/JpG+r7fRrqm12kzFHyUHqHCVpMMbI=",
        "owner": "numtide",
        "repo": "flake-utils",
        "rev": "11707dc2f618dd54ca8739b309ec4fc024de578b",
        "type": "github"
      },
      "original": {
        "owner": "numtide",
        "repo": "flake-utils",
        "type": "github"
      }
    },
    "frontend-slides": {
      "flake": false,
      "locked": {
        "lastModified": 1782245298,
        "narHash": "sha256-qp2oCn5+YbMZrWCnN7zt/ee1nm/vBGsdb+AIUjIldyY=",
        "owner": "zarazhangrui",
        "repo": "frontend-slides",
        "rev": "9906a34d640d2111f724544cbc50f7f130569ae1",
        "type": "github"
      },
      "original": {
        "owner": "zarazhangrui",
        "repo": "frontend-slides",
        "type": "github"
      }
    },
    "handy": {
      "inputs": {
        "bun2nix": "bun2nix",
        "nixpkgs": [
          "nixpkgs"
        ]
      },
      "locked": {
        "lastModified": 1791439482,
        "narHash": "sha256-nn1o8TvsDhuLzJmnl+L2xQQWyYtjLVAeqK5w0TA0NZE=",
        "owner": "cjpais",
        "repo": "Handy",
        "rev": "f6b3f8297061acaa763a48c4cdefbbf342c814ac",
        "type": "github"
      },
      "original": {
        "owner": "cjpais",
        "repo": "Handy",
        "type": "github"
      }
    },
    "helium": {
      "inputs": {
        "nixpkgs": [
          "nixpkgs"
        ],
        "nixpkgs-darwin": "nixpkgs-darwin",
        "utils": "utils"
      },
      "locked": {
        "lastModified": 1791176322,
        "narHash": "sha256-yr1b5Yql7XE3L/Q9urGNhnNXBAa14S3nfY7A+twhRIM=",
        "owner": "schembriaiden",
        "repo": "helium-browser-nix-flake",
        "rev": "14a8f68137d4db62213555937f23ad95e7f8c4e6",
        "type": "github"
      },
      "original": {
        "owner": "schembriaiden",
        "repo": "helium-browser-nix-flake",
        "type": "github"
      }
    },
    "herdr": {
      "inputs": {
        "nixpkgs": [
          "nixpkgs"
        ],
        "rust-overlay": "rust-overlay"
      },
      "locked": {
        "lastModified": 1791415846,
        "narHash": "sha256-h88bIuSW/i5/YiIqKMPah6JZmyMWpq7/6KylfbUgWQw=",
        "owner": "herdrdev",
        "repo": "herdr",
        "rev": "4dc23bb15d4a2fd2c093abfb509f903c3015bf56",
        "type": "github"
      },
      "original": {
        "owner": "herdrdev",
        "repo": "herdr",
        "type": "github"
      }
    },
    "hermes-agent": {
      "inputs": {
        "flake-parts": "flake-parts_3",
        "home-manager": "home-manager",
        "nixpkgs": "nixpkgs_2",
        "npm-lockfile-fix": "npm-lockfile-fix",
        "pyproject-build-systems": "pyproject-build-systems",
        "pyproject-nix": "pyproject-nix",
        "uv2nix": "uv2nix"
      },
      "locked": {
        "lastModified": 1790244527,
        "narHash": "sha256-y6NaoG+HCeMPhxRsBXrRFef4hp3FF1svSPNKpI6Xz/E=",
        "owner": "NousResearch",
        "repo": "hermes-agent",
        "rev": "f97608f178d1ffeca59860195ab7da295f7c8e5f",
        "type": "github"
      },
      "original": {
        "owner": "NousResearch",
        "ref": "v2026.9.24",
        "repo": "hermes-agent",
        "type": "github"
      }
    },
    "home-manager": {
      "inputs": {
        "nixpkgs": [
          "hermes-agent",
          "nixpkgs"
        ]
      },
      "locked": {
        "lastModified": 1786487128,
        "narHash": "sha256-ad60hrRVhH/bo3Jl1YLzO+QcS3mUNZr9LNJdzhMO2P4=",
        "owner": "nix-community",
        "repo": "home-manager",
        "rev": "f404edbfa4117810c96b97048299242fc50e5362",
        "type": "github"
      },
      "original": {
        "owner": "nix-community",
        "repo": "home-manager",
        "type": "github"
      }
    },
    "home-manager_2": {
      "inputs": {
        "nixpkgs": [
          "nixpkgs"
        ]
      },
      "locked": {
        "lastModified": 1791306979,
        "narHash": "sha256-KuLePuhwJM9NLt/gTLHzXaOoSZKGoB3m7NfXjiQ98HY=",
        "owner": "nix-community",
        "repo": "home-manager",
        "rev": "fae6e9e42c3b762ab47635cddcfaf6f52374a61b",
        "type": "github"
      },
      "original": {
        "owner": "nix-community",
        "repo": "home-manager",
        "type": "github"
      }
    },
    "hunk": {
      "inputs": {
        "bun2nix": "bun2nix_2",
        "nixpkgs": [
          "nixpkgs"
        ],
        "systems": "systems_4"
      },
      "locked": {
        "lastModified": 1791380195,
        "narHash": "sha256-TwzBH5HwDJjJ1E80GbpnAXdQNqh3JMO8ozGsBsua+iI=",
        "owner": "modem-dev",
        "repo": "hunk",
        "rev": "9566e33d930e8844a0fe910e7b9d0f822b0728cb",
        "type": "github"
      },
      "original": {
        "owner": "modem-dev",
        "repo": "hunk",
        "type": "github"
      }
    },
    "import-tree": {
      "locked": {
        "lastModified": 1763762820,
        "narHash": "sha256-ZvYKbFib3AEwiNMLsejb/CWs/OL/srFQ8AogkebEPF0=",
        "owner": "vic",
        "repo": "import-tree",
        "rev": "3c23749d8013ec6daa1d7255057590e9ca726646",
        "type": "github"
      },
      "original": {
        "owner": "vic",
        "repo": "import-tree",
        "type": "github"
      }
    },
    "import-tree_2": {
      "locked": {
        "lastModified": 1763762820,
        "narHash": "sha256-ZvYKbFib3AEwiNMLsejb/CWs/OL/srFQ8AogkebEPF0=",
        "owner": "vic",
        "repo": "import-tree",
        "rev": "3c23749d8013ec6daa1d7255057590e9ca726646",
        "type": "github"
      },
      "original": {
        "owner": "vic",
        "repo": "import-tree",
        "type": "github"
      }
    },
    "import-tree_3": {
      "locked": {
        "lastModified": 1788467110,
        "narHash": "sha256-ljEMTXP/rH0tOvDzc9gzwww6KcHRPRnEHzd9lK48V7s=",
        "owner": "vic",
        "repo": "import-tree",
        "rev": "eb1b52eaecc57f7c136d07ae8a93e724dfecac46",
        "type": "github"
      },
      "original": {
        "owner": "vic",
        "repo": "import-tree",
        "type": "github"
      }
    },
    "jakubkrehel-skills": {
      "flake": false,
      "locked": {
        "lastModified": 1791256924,
        "narHash": "sha256-glMKADIEBSgSLgA4CNLOZUrcowCDuDRaoULS5Jb/B3s=",
        "owner": "jakubkrehel",
        "repo": "skills",
        "rev": "d574cc8a576dc24256ad38268b8d03d86724a1b3",
        "type": "github"
      },
      "original": {
        "owner": "jakubkrehel",
        "repo": "skills",
        "type": "github"
      }
    },
    "kitlangton-skills": {
      "flake": false,
      "locked": {
        "lastModified": 1790962262,
        "narHash": "sha256-OAG3JMZjB5NVnuEn9McboxhqQ7sWbuT+9m0YjFIm/WU=",
        "owner": "kitlangton",
        "repo": "skills",
        "rev": "71195e36024ebd2e66c5beac946e81eafd5abc43",
        "type": "github"
      },
      "original": {
        "owner": "kitlangton",
        "repo": "skills",
        "type": "github"
      }
    },
    "lanzaboote": {
      "inputs": {
        "crane": "crane",
        "nixpkgs": [
          "nixpkgs"
        ],
        "pre-commit": "pre-commit",
        "rust-overlay": "rust-overlay_2"
      },
      "locked": {
        "lastModified": 1791455435,
        "narHash": "sha256-rFrQjxiLAPkG9xgTI4yki6QFcswxn+wzUbtPZbvFCUE=",
        "owner": "nix-community",
        "repo": "lanzaboote",
        "rev": "5bc59941ad05cfa434501ab20770bc6c6e824d4a",
        "type": "github"
      },
      "original": {
        "owner": "nix-community",
        "repo": "lanzaboote",
        "type": "github"
      }
    },
    "lumen": {
      "inputs": {
        "flake-utils": "flake-utils_2",
        "nixpkgs": [
          "nixpkgs"
        ]
      },
      "locked": {
        "lastModified": 1789654557,
        "narHash": "sha256-z5x/T522/hRK1dFforHzO8NjrxFHv9Cun4WiaaPOZmo=",
        "owner": "jnsahaj",
        "repo": "lumen",
        "rev": "a8447c07577a58b4d5837803e50d9d54525cf3c7",
        "type": "github"
      },
      "original": {
        "owner": "jnsahaj",
        "repo": "lumen",
        "type": "github"
      }
    },
    "marketing-skills": {
      "flake": false,
      "locked": {
        "lastModified": 1791418538,
        "narHash": "sha256-NR71t/Rq52BlYDZkOONFowHzbNABCAPIlsBhf1MRBto=",
        "owner": "coreyhaines31",
        "repo": "marketingskills",
        "rev": "b9ba399dd88b082b926e261e8ccfb843d20aa066",
        "type": "github"
      },
      "original": {
        "owner": "coreyhaines31",
        "repo": "marketingskills",
        "type": "github"
      }
    },
    "mattpocock-skills": {
      "flake": false,
      "locked": {
        "lastModified": 1791449074,
        "narHash": "sha256-1QwFBwG+gORvDvW4HM0LrZlHZKmKtWr7pUHU0MAXF2Y=",
        "owner": "mattpocock",
        "repo": "skills",
        "rev": "b0618bc436ad893b3c5e84e55fba86586d34a404",
        "type": "github"
      },
      "original": {
        "owner": "mattpocock",
        "repo": "skills",
        "type": "github"
      }
    },
    "mnw": {
      "locked": {
        "lastModified": 1784154424,
        "narHash": "sha256-HRn4O1X2ShYtbq5Egji72/aemyc2cIQicjRZD9hBqM8=",
        "owner": "Gerg-L",
        "repo": "mnw",
        "rev": "0151d9fa87992cbeb67c86616fb9170dcec830b6",
        "type": "github"
      },
      "original": {
        "owner": "Gerg-L",
        "repo": "mnw",
        "type": "github"
      }
    },
    "nixos-wsl": {
      "inputs": {
        "flake-compat": "flake-compat_2",
        "nixpkgs": [
          "nixpkgs"
        ]
      },
      "locked": {
        "lastModified": 1789164534,
        "narHash": "sha256-DoYGPM6QpnYBLWj9gGw6ZwAzIX+HrAVov1BoT+8Jixo=",
        "owner": "nix-community",
        "repo": "NixOS-WSL",
        "rev": "72c92b11bb8289e6651c7fef29cc0a885fd6a255",
        "type": "github"
      },
      "original": {
        "owner": "nix-community",
        "ref": "main",
        "repo": "NixOS-WSL",
        "type": "github"
      }
    },
    "nixpkgs": {
      "locked": {
        "lastModified": 1772773019,
        "narHash": "sha256-E1bxHxNKfDoQUuvriG71+f+s/NT0qWkImXsYZNFFfCs=",
        "owner": "NixOS",
        "repo": "nixpkgs",
        "rev": "aca4d95fce4914b3892661bcb80b8087293536c6",
        "type": "github"
      },
      "original": {
        "owner": "NixOS",
        "ref": "nixos-unstable",
        "repo": "nixpkgs",
        "type": "github"
      }
    },
    "nixpkgs-darwin": {
      "locked": {
        "lastModified": 1790772421,
        "narHash": "sha256-754eQtr0m8xKtNnKYhX7ukI7XaA7oeiQpui1LiEuhyU=",
        "owner": "NixOS",
        "repo": "nixpkgs",
        "rev": "e49322d1ec25b45f7c587c5fd69ac826d1a57dbc",
        "type": "github"
      },
      "original": {
        "owner": "NixOS",
        "ref": "nixpkgs-26.05-darwin",
        "repo": "nixpkgs",
        "type": "github"
      }
    },
    "nixpkgs-lib": {
      "locked": {
        "lastModified": 1790477367,
        "narHash": "sha256-oujbxmVKDhci2E4EM3KyAbRUgp5/IsCoiA/LfEF7OOk=",
        "owner": "nix-community",
        "repo": "nixpkgs.lib",
        "rev": "f7cd230690d9fc982d06129f9189b101fddcfa3b",
        "type": "github"
      },
      "original": {
        "owner": "nix-community",
        "repo": "nixpkgs.lib",
        "type": "github"
      }
    },
    "nixpkgs-lib_2": {
      "locked": {
        "lastModified": 1769909678,
        "narHash": "sha256-cBEymOf4/o3FD5AZnzC3J9hLbiZ+QDT/KDuyHXVJOpM=",
        "owner": "nix-community",
        "repo": "nixpkgs.lib",
        "rev": "72716169fe93074c333e8d0173151350670b824c",
        "type": "github"
      },
      "original": {
        "owner": "nix-community",
        "repo": "nixpkgs.lib",
        "type": "github"
      }
    },
    "nixpkgs-lib_3": {
      "locked": {
        "lastModified": 1769909678,
        "narHash": "sha256-cBEymOf4/o3FD5AZnzC3J9hLbiZ+QDT/KDuyHXVJOpM=",
        "owner": "nix-community",
        "repo": "nixpkgs.lib",
        "rev": "72716169fe93074c333e8d0173151350670b824c",
        "type": "github"
      },
      "original": {
        "owner": "nix-community",
        "repo": "nixpkgs.lib",
        "type": "github"
      }
    },
    "nixpkgs-unstable": {
      "locked": {
        "lastModified": 1791260994,
        "narHash": "sha256-Miqqk/ammqnTUxaoCyvtwoPeLbI1ksFyLxi/CazZpWY=",
        "owner": "nixos",
        "repo": "nixpkgs",
        "rev": "151fa4e8ddfdd8dd25d945ad94ed54a13de9f6e4",
        "type": "github"
      },
      "original": {
        "owner": "nixos",
        "ref": "nixos-unstable",
        "repo": "nixpkgs",
        "type": "github"
      }
    },
    "nixpkgs_2": {
      "locked": {
        "lastModified": 1785318670,
        "narHash": "sha256-dN6Ou5x/+23FZLEpYP3IffO+NyJFzUlGumt1uu3MMaY=",
        "owner": "NixOS",
        "repo": "nixpkgs",
        "rev": "0954f7ee2f6bb3dc7d4e3d0d8bcb8fd4bde4cfc5",
        "type": "github"
      },
      "original": {
        "owner": "NixOS",
        "ref": "nixos-unstable",
        "repo": "nixpkgs",
        "type": "github"
      }
    },
    "nixpkgs_3": {
      "locked": {
        "lastModified": 1791260994,
        "narHash": "sha256-Miqqk/ammqnTUxaoCyvtwoPeLbI1ksFyLxi/CazZpWY=",
        "owner": "nixos",
        "repo": "nixpkgs",
        "rev": "151fa4e8ddfdd8dd25d945ad94ed54a13de9f6e4",
        "type": "github"
      },
      "original": {
        "owner": "nixos",
        "ref": "nixos-unstable",
        "repo": "nixpkgs",
        "type": "github"
      }
    },
    "nixpkgs_4": {
      "locked": {
        "lastModified": 1788431191,
        "narHash": "sha256-MFClkboDeW56feBCAeAV3Z3J2quGSZFlAOXQ4JjIlIA=",
        "owner": "NixOS",
        "repo": "nixpkgs",
        "rev": "9b9402b959a2276982ddd5ad3652a38b97f7c40b",
        "type": "github"
      },
      "original": {
        "owner": "NixOS",
        "ref": "nixpkgs-unstable",
        "repo": "nixpkgs",
        "type": "github"
      }
    },
    "npm-lockfile-fix": {
      "inputs": {
        "nixpkgs": [
          "hermes-agent",
          "nixpkgs"
        ]
      },
      "locked": {
        "lastModified": 1775903712,
        "narHash": "sha256-2GV79U6iVH4gKAPWYrxUReB0S41ty/Y3dBLquU8AlaA=",
        "owner": "jeslie0",
        "repo": "npm-lockfile-fix",
        "rev": "c6093acb0c0548e0f9b8b3d82918823721930fe8",
        "type": "github"
      },
      "original": {
        "owner": "jeslie0",
        "repo": "npm-lockfile-fix",
        "type": "github"
      }
    },
    "nvf": {
      "inputs": {
        "flake-compat": "flake-compat_3",
        "mnw": "mnw",
        "nixpkgs": [
          "nixpkgs"
        ]
      },
      "locked": {
        "lastModified": 1791215772,
        "narHash": "sha256-GBC/HfZM1Bh5dM/B0csBr8YoVGk3DTmCF/Qx646kThE=",
        "owner": "NotAShelf",
        "repo": "nvf",
        "rev": "b5a8011df7e743d5bd992d25983d548f99e9ff83",
        "type": "github"
      },
      "original": {
        "owner": "NotAShelf",
        "repo": "nvf",
        "type": "github"
      }
    },
    "openclaw": {
      "flake": false,
      "locked": {
        "lastModified": 1791463180,
        "narHash": "sha256-th3DAi7aLyoyItzUab97FCTPyEBU+AZhAUjDj09WtmQ=",
        "owner": "openclaw",
        "repo": "openclaw",
        "rev": "89c01cd979efb0788ef6e95c1ed4d504b7ed0c45",
        "type": "github"
      },
      "original": {
        "owner": "openclaw",
        "repo": "openclaw",
        "type": "github"
      }
    },
    "openhome": {
      "inputs": {
        "flake-utils": "flake-utils_3",
        "nixpkgs": [
          "nixpkgs"
        ]
      },
      "locked": {
        "lastModified": 1791233510,
        "narHash": "sha256-gl7DZWIn7caTFAyFc3XmrcMzYPV4e9M3CFSykIzKgwA=",
        "owner": "patrickhaahr",
        "repo": "openhome",
        "rev": "abb95d4a5785ba715f11bc788a9bef0f5942697c",
        "type": "github"
      },
      "original": {
        "owner": "patrickhaahr",
        "repo": "openhome",
        "type": "github"
      }
    },
    "pre-commit": {
      "inputs": {
        "flake-compat": "flake-compat",
        "nixpkgs": [
          "lanzaboote",
          "nixpkgs"
        ]
      },
      "locked": {
        "lastModified": 1790500375,
        "narHash": "sha256-XN3sDtn8TU9hAc9xqZ+SqRB/HHm2wjxM6aSWYLJU+oo=",
        "owner": "cachix",
        "repo": "git-hooks.nix",
        "rev": "a0e4241b51206fbcbf52fd322eb5f0cd80f153c4",
        "type": "github"
      },
      "original": {
        "owner": "cachix",
        "repo": "git-hooks.nix",
        "type": "github"
      }
    },
    "pyproject-build-systems": {
      "inputs": {
        "nixpkgs": [
          "hermes-agent",
          "nixpkgs"
        ],
        "pyproject-nix": [
          "hermes-agent",
          "pyproject-nix"
        ],
        "uv2nix": [
          "hermes-agent",
          "uv2nix"
        ]
      },
      "locked": {
        "lastModified": 1785115949,
        "narHash": "sha256-8AM37BfyGaL2v/SZyg4PupRxJ01Y4htvM+WrTjWrPpo=",
        "owner": "pyproject-nix",
        "repo": "build-system-pkgs",
        "rev": "62c0d86027edb1c4f39a5facc09876348144f7c9",
        "type": "github"
      },
      "original": {
        "owner": "pyproject-nix",
        "repo": "build-system-pkgs",
        "type": "github"
      }
    },
    "pyproject-build-systems_2": {
      "inputs": {
        "nixpkgs": [
          "nixpkgs"
        ],
        "pyproject-nix": [
          "pyproject-nix"
        ],
        "uv2nix": [
          "uv2nix"
        ]
      },
      "locked": {
        "lastModified": 1791170410,
        "narHash": "sha256-pyru9MpuXRiyq0Bd4q0nHpL4T6HCuZT4B+alcgAYE4A=",
        "owner": "pyproject-nix",
        "repo": "build-system-pkgs",
        "rev": "953d35d03a51dbecaf3feb3fb679eb63e90ebeb4",
        "type": "github"
      },
      "original": {
        "owner": "pyproject-nix",
        "repo": "build-system-pkgs",
        "type": "github"
      }
    },
    "pyproject-nix": {
      "inputs": {
        "nixpkgs": [
          "hermes-agent",
          "nixpkgs"
        ]
      },
      "locked": {
        "lastModified": 1784591072,
        "narHash": "sha256-zP/WaDxrRu8GANZM61+V2LT/7ycEEdoyLWn7M6WzU7M=",
        "owner": "pyproject-nix",
        "repo": "pyproject.nix",
        "rev": "e3b599ca2e7fcf93d4edf65d7f19bbf6491724f3",
        "type": "github"
      },
      "original": {
        "owner": "pyproject-nix",
        "repo": "pyproject.nix",
        "type": "github"
      }
    },
    "pyproject-nix_2": {
      "inputs": {
        "nixpkgs": [
          "nixpkgs"
        ]
      },
      "locked": {
        "lastModified": 1788394333,
        "narHash": "sha256-xYOP0Xym1eVGUaHFx+eJEaycFGoiCbst3fZf0xFHP78=",
        "owner": "pyproject-nix",
        "repo": "pyproject.nix",
        "rev": "6a8a7881d75b6f98967e7b8069f4ead331384301",
        "type": "github"
      },
      "original": {
        "owner": "pyproject-nix",
        "repo": "pyproject.nix",
        "type": "github"
      }
    },
    "root": {
      "inputs": {
        "anthropic-skills": "anthropic-skills",
        "anti-slop": "anti-slop",
        "apollo-skills": "apollo-skills",
        "better-auth-skills": "better-auth-skills",
        "claude-skill-typst": "claude-skill-typst",
        "cloudflare-skills": "cloudflare-skills",
        "codex-desktop-linux": "codex-desktop-linux",
        "cursor-plugins": "cursor-plugins",
        "diagram-design": "diagram-design",
        "dmmulroy-coding-standards": "dmmulroy-coding-standards",
        "emil-skills": "emil-skills",
        "flake-parts": "flake-parts",
        "frontend-slides": "frontend-slides",
        "handy": "handy",
        "helium": "helium",
        "herdr": "herdr",
        "hermes-agent": "hermes-agent",
        "home-manager": "home-manager_2",
        "hunk": "hunk",
        "import-tree": "import-tree_3",
        "jakubkrehel-skills": "jakubkrehel-skills",
        "kitlangton-skills": "kitlangton-skills",
        "lanzaboote": "lanzaboote",
        "lumen": "lumen",
        "marketing-skills": "marketing-skills",
        "mattpocock-skills": "mattpocock-skills",
        "nixos-wsl": "nixos-wsl",
        "nixpkgs": "nixpkgs_3",
        "nixpkgs-unstable": "nixpkgs-unstable",
        "nvf": "nvf",
        "openclaw": "openclaw",
        "openhome": "openhome",
        "pyproject-build-systems": "pyproject-build-systems_2",
        "pyproject-nix": "pyproject-nix_2",
        "sentry-skills": "sentry-skills",
        "sops-nix": "sops-nix",
        "spicetify-nix": "spicetify-nix",
        "typesafe-skills": "typesafe-skills",
        "uv2nix": "uv2nix_2",
        "vercel-agent-browser": "vercel-agent-browser",
        "vercel-agent-skills": "vercel-agent-skills",
        "wrapper-modules": "wrapper-modules",
        "wshobson-agents": "wshobson-agents"
      }
    },
    "rust-overlay": {
      "inputs": {
        "nixpkgs": [
          "herdr",
          "nixpkgs"
        ]
      },
      "locked": {
        "lastModified": 1783577481,
        "narHash": "sha256-EWMxOWrJ031f8f/lrcEmhTRs4npw1/5N3Hcjin846c8=",
        "owner": "oxalica",
        "repo": "rust-overlay",
        "rev": "4cdea398dc491b082dccdce0fad1ed0b75fa3394",
        "type": "github"
      },
      "original": {
        "owner": "oxalica",
        "repo": "rust-overlay",
        "type": "github"
      }
    },
    "rust-overlay_2": {
      "inputs": {
        "nixpkgs": [
          "lanzaboote",
          "nixpkgs"
        ]
      },
      "locked": {
        "lastModified": 1791101754,
        "narHash": "sha256-y/GF+9B0t0TZ0nQiSRMqDXpr76yT7sdDbS/3GNLhzkE=",
        "owner": "oxalica",
        "repo": "rust-overlay",
        "rev": "dbc715a4b7c0ace63b9769a032d1dd34cd89e5bd",
        "type": "github"
      },
      "original": {
        "owner": "oxalica",
        "repo": "rust-overlay",
        "type": "github"
      }
    },
    "sentry-skills": {
      "flake": false,
      "locked": {
        "lastModified": 1790698427,
        "narHash": "sha256-XFrF7guXv/YYazqx2sewYf64yJqebeXadU28tR7ebz0=",
        "owner": "getsentry",
        "repo": "skills",
        "rev": "d18b7aa8ba878354e5c348310230e652f7690f9c",
        "type": "github"
      },
      "original": {
        "owner": "getsentry",
        "repo": "skills",
        "type": "github"
      }
    },
    "sops-nix": {
      "inputs": {
        "nixpkgs": [
          "nixpkgs"
        ]
      },
      "locked": {
        "lastModified": 1789623319,
        "narHash": "sha256-kmlp8rPrvrXn58YiaANHKSWUijtUc7pwgerIywosOIM=",
        "owner": "c2fc2f",
        "repo": "sops-nix",
        "rev": "16954c1c360c3dc4d4b3b3e64df59f7e89452cb1",
        "type": "github"
      },
      "original": {
        "owner": "c2fc2f",
        "ref": "buildGo126Module",
        "repo": "sops-nix",
        "type": "github"
      }
    },
    "spicetify-nix": {
      "inputs": {
        "nixpkgs": [
          "nixpkgs"
        ],
        "systems": "systems_7"
      },
      "locked": {
        "lastModified": 1791109926,
        "narHash": "sha256-N4ZWEoceF9U+np24Pzi8OjJwqjoe36zHUR31pEhUKng=",
        "owner": "Gerg-L",
        "repo": "spicetify-nix",
        "rev": "32d97b6b3c3401e5d0e474c82e764f8f9bf35b86",
        "type": "github"
      },
      "original": {
        "owner": "Gerg-L",
        "repo": "spicetify-nix",
        "type": "github"
      }
    },
    "systems": {
      "locked": {
        "lastModified": 1681028828,
        "narHash": "sha256-Vy1rq5AaRuLzOxct8nz4T6wlgyUR7zLU309k9mBC768=",
        "owner": "nix-systems",
        "repo": "default",
        "rev": "da67096a3b9bf56a91d16901293e51ba5b49a27e",
        "type": "github"
      },
      "original": {
        "owner": "nix-systems",
        "repo": "default",
        "type": "github"
      }
    },
    "systems_2": {
      "locked": {
        "lastModified": 1681028828,
        "narHash": "sha256-Vy1rq5AaRuLzOxct8nz4T6wlgyUR7zLU309k9mBC768=",
        "owner": "nix-systems",
        "repo": "default",
        "rev": "da67096a3b9bf56a91d16901293e51ba5b49a27e",
        "type": "github"
      },
      "original": {
        "owner": "nix-systems",
        "repo": "default",
        "type": "github"
      }
    },
    "systems_3": {
      "locked": {
        "lastModified": 1681028828,
        "narHash": "sha256-Vy1rq5AaRuLzOxct8nz4T6wlgyUR7zLU309k9mBC768=",
        "owner": "nix-systems",
        "repo": "default",
        "rev": "da67096a3b9bf56a91d16901293e51ba5b49a27e",
        "type": "github"
      },
      "original": {
        "owner": "nix-systems",
        "repo": "default",
        "type": "github"
      }
    },
    "systems_4": {
      "locked": {
        "lastModified": 1776166891,
        "narHash": "sha256-bI8yrEGjrohR5hkQox7UrxDH7XqrYMwI8SL/LrJ1+S8=",
        "owner": "nix-systems",
        "repo": "triplet",
        "rev": "6de7bc09397911ce03636afbcf6118745ab2cda0",
        "type": "github"
      },
      "original": {
        "owner": "nix-systems",
        "repo": "triplet",
        "type": "github"
      }
    },
    "systems_5": {
      "locked": {
        "lastModified": 1681028828,
        "narHash": "sha256-Vy1rq5AaRuLzOxct8nz4T6wlgyUR7zLU309k9mBC768=",
        "owner": "nix-systems",
        "repo": "default",
        "rev": "da67096a3b9bf56a91d16901293e51ba5b49a27e",
        "type": "github"
      },
      "original": {
        "owner": "nix-systems",
        "repo": "default",
        "type": "github"
      }
    },
    "systems_6": {
      "locked": {
        "lastModified": 1681028828,
        "narHash": "sha256-Vy1rq5AaRuLzOxct8nz4T6wlgyUR7zLU309k9mBC768=",
        "owner": "nix-systems",
        "repo": "default",
        "rev": "da67096a3b9bf56a91d16901293e51ba5b49a27e",
        "type": "github"
      },
      "original": {
        "owner": "nix-systems",
        "repo": "default",
        "type": "github"
      }
    },
    "systems_7": {
      "locked": {
        "lastModified": 1681028828,
        "narHash": "sha256-Vy1rq5AaRuLzOxct8nz4T6wlgyUR7zLU309k9mBC768=",
        "owner": "nix-systems",
        "repo": "default",
        "rev": "da67096a3b9bf56a91d16901293e51ba5b49a27e",
        "type": "github"
      },
      "original": {
        "owner": "nix-systems",
        "repo": "default",
        "type": "github"
      }
    },
    "treefmt-nix": {
      "inputs": {
        "nixpkgs": [
          "handy",
          "bun2nix",
          "nixpkgs"
        ]
      },
      "locked": {
        "lastModified": 1770228511,
        "narHash": "sha256-wQ6NJSuFqAEmIg2VMnLdCnUc0b7vslUohqqGGD+Fyxk=",
        "owner": "numtide",
        "repo": "treefmt-nix",
        "rev": "337a4fe074be1042a35086f15481d763b8ddc0e7",
        "type": "github"
      },
      "original": {
        "owner": "numtide",
        "repo": "treefmt-nix",
        "type": "github"
      }
    },
    "treefmt-nix_2": {
      "inputs": {
        "nixpkgs": [
          "hunk",
          "bun2nix",
          "nixpkgs"
        ]
      },
      "locked": {
        "lastModified": 1770228511,
        "narHash": "sha256-wQ6NJSuFqAEmIg2VMnLdCnUc0b7vslUohqqGGD+Fyxk=",
        "owner": "numtide",
        "repo": "treefmt-nix",
        "rev": "337a4fe074be1042a35086f15481d763b8ddc0e7",
        "type": "github"
      },
      "original": {
        "owner": "numtide",
        "repo": "treefmt-nix",
        "type": "github"
      }
    },
    "typesafe-skills": {
      "flake": false,
      "locked": {
        "lastModified": 1789191725,
        "narHash": "sha256-Lh2Y90TFv+njKqo/g5WXEHw0Rk1jQSH5POqKtrvy5kM=",
        "owner": "typesafe-ai",
        "repo": "skills",
        "rev": "65a39f393687675ce170e6094757de20370365b9",
        "type": "github"
      },
      "original": {
        "owner": "typesafe-ai",
        "repo": "skills",
        "type": "github"
      }
    },
    "utils": {
      "inputs": {
        "systems": "systems_3"
      },
      "locked": {
        "lastModified": 1731533236,
        "narHash": "sha256-l0KFg5HjrsfsO/JpG+r7fRrqm12kzFHyUHqHCVpMMbI=",
        "owner": "numtide",
        "repo": "flake-utils",
        "rev": "11707dc2f618dd54ca8739b309ec4fc024de578b",
        "type": "github"
      },
      "original": {
        "owner": "numtide",
        "repo": "flake-utils",
        "type": "github"
      }
    },
    "uv2nix": {
      "inputs": {
        "nixpkgs": [
          "hermes-agent",
          "nixpkgs"
        ],
        "pyproject-nix": [
          "hermes-agent",
          "pyproject-nix"
        ]
      },
      "locked": {
        "lastModified": 1785277507,
        "narHash": "sha256-9Tq3UDX2hD/aveW/HvkBlAmEwJTOlY5HQXJM+L5BGmE=",
        "owner": "pyproject-nix",
        "repo": "uv2nix",
        "rev": "5a836d395cbf5fc22670eb98dd4aa4fc4d406977",
        "type": "github"
      },
      "original": {
        "owner": "pyproject-nix",
        "repo": "uv2nix",
        "type": "github"
      }
    },
    "uv2nix_2": {
      "inputs": {
        "nixpkgs": [
          "nixpkgs"
        ],
        "pyproject-nix": [
          "pyproject-nix"
        ]
      },
      "locked": {
        "lastModified": 1790341335,
        "narHash": "sha256-wFnDm/o/4OebDlpGFyVXP8DLUx0/gR/jUFuGqmTwsQg=",
        "owner": "pyproject-nix",
        "repo": "uv2nix",
        "rev": "a24323e9e6ecbbf305c238845ff6c612d50467c0",
        "type": "github"
      },
      "original": {
        "owner": "pyproject-nix",
        "repo": "uv2nix",
        "type": "github"
      }
    },
    "vercel-agent-browser": {
      "flake": false,
      "locked": {
        "lastModified": 1791423860,
        "narHash": "sha256-NJJZD4lcZdyWhBJEGwy2IYHEWYkL1gXDgBTMe1zV6oM=",
        "owner": "vercel-labs",
        "repo": "agent-browser",
        "rev": "0207911f1bd4d0393eddaa90f2e50f96e0fb8974",
        "type": "github"
      },
      "original": {
        "owner": "vercel-labs",
        "repo": "agent-browser",
        "type": "github"
      }
    },
    "vercel-agent-skills": {
      "flake": false,
      "locked": {
        "lastModified": 1787924167,
        "narHash": "sha256-tTSJf53OQltUfxTH4hdqcnw5ywCjCZP8/JqQ593cyB8=",
        "owner": "vercel-labs",
        "repo": "agent-skills",
        "rev": "063bee94c3f4df8453406c830b0a7df0f2860278",
        "type": "github"
      },
      "original": {
        "owner": "vercel-labs",
        "repo": "agent-skills",
        "type": "github"
      }
    },
    "wrapper-modules": {
      "inputs": {
        "nixpkgs": "nixpkgs_4"
      },
      "locked": {
        "lastModified": 1791440872,
        "narHash": "sha256-PwiSn1VO3/6BD/Gxw/3Ei2sPB3SccyKyJ7nD72Y+WU4=",
        "owner": "BirdeeHub",
        "repo": "nix-wrapper-modules",
        "rev": "d82c328c504648fa952f25fac8332319eb425d4c",
        "type": "github"
      },
      "original": {
        "owner": "BirdeeHub",
        "repo": "nix-wrapper-modules",
        "type": "github"
      }
    },
    "wshobson-agents": {
      "flake": false,
      "locked": {
        "lastModified": 1791146571,
        "narHash": "sha256-vKawxqxGv0QygVztpMai7h4SXtK2JmmLEqCZ8hFr+qE=",
        "owner": "wshobson",
        "repo": "agents",
        "rev": "46891e7e60da0e52baf1050b7b6391b64e84c6d9",
        "type": "github"
      },
      "original": {
        "owner": "wshobson",
        "repo": "agents",
        "type": "github"
      }
    }
  },
  "root": "root",
  "version": 7
}
